
Microsoft Visual Studio Solution File, Format Version 12.00
# Visual Studio Version 17
VisualStudioVersion = 17.2.32602.215
MinimumVisualStudioVersion = 10.0.40219.1
Project("{FAE04EC0-301F-11D3-BF4B-00C04F79EFBC}") = "HotelListing.Api", "HotelListing.Api\HotelListing.Api.csproj", "{F7A02759-BD66-4D55-A34D-D23CC6F24972}"
EndProject
Global
	GlobalSection(SolutionConfigurationPlatforms) = preSolution
		Debug|Any CPU = Debug|Any CPU
		Release|Any CPU = Release|Any CPU
	EndGlobalSection
	GlobalSection(ProjectConfigurationPlatforms) = postSolution
		{F7A02759-BD66-4D55-A34D-D23CC6F24972}.Debug|Any CPU.ActiveCfg = Debug|Any CPU
		{F7A02759-BD66-4D55-A34D-D23CC6F24972}.Debug|Any CPU.Build.0 = Debug|Any CPU
		{F7A02759-BD66-4D55-A34D-D23CC6F24972}.Release|Any CPU.ActiveCfg = Release|Any CPU
		{F7A02759-BD66-4D55-A34D-D23CC6F24972}.Release|Any CPU.Build.0 = Release|Any CPU
	EndGlobalSection
	GlobalSection(SolutionProperties) = preSolution
		HideSolutionNode = FALSE
	EndGlobalSection
	GlobalSection(ExtensibilityGlobals) = postSolution
		SolutionGuid = {122E7F0C-5138-4135-8376-F96F09A3A4AC}
	EndGlobalSection
EndGlobal
